<?xml version="1.0" encoding="utf-8"?>
<Project ToolsVersion="4.0" xmlns="http://schemas.microsoft.com/developer/msbuild/2003">
  <ItemGroup>
    <Filter Include="Source Files">
      <UniqueIdentifier>{4FC737F1-C7A5-4376-A066-2A32D752A2FF}</UniqueIdentifier>
      <Extensions>cpp;c;cc;cxx;c++;cppm;ixx;def;odl;idl;hpj;bat;asm;asmx</Extensions>
    </Filter>
    <Filter Include="Header Files">
      <UniqueIdentifier>{93995380-89BD-4b04-88EB-625FBE52EBFB}</UniqueIdentifier>
      <Extensions>h;hh;hpp;hxx;h++;hm;inl;inc;ipp;xsd</Extensions>
    </Filter>
    <Filter Include="Resource Files">
      <UniqueIdentifier>{67DA6AB6-F800-4c08-8B7A-83BB121AAD01}</UniqueIdentifier>
      <Extensions>rc;ico;cur;bmp;dlg;rc2;rct;bin;rgs;gif;jpg;jpeg;jpe;resx;tiff;tif;png;wav;mfcribbon-ms</Extensions>
    </Filter>
    <Filter Include="Source Files\utils">
      <UniqueIdentifier>{93987006-6eee-447d-848e-cc8f05d9036d}</UniqueIdentifier>
    </Filter>
    <Filter Include="Source Files\imgui">
      <UniqueIdentifier>{0a093458-c32c-4744-a3f1-c09423a2e08f}</UniqueIdentifier>
    </Filter>
    <Filter Include="Source Files\decima-native">
      <UniqueIdentifier>{ad359769-3ba0-4bbb-8467-a0e04d839c1b}</UniqueIdentifier>
    </Filter>
    <Filter Include="Source Files\LuaMod">
      <UniqueIdentifier>{5c89b3e9-74ce-4c58-9f0d-a520bf32db9a}</UniqueIdentifier>
    </Filter>
    <Filter Include="Source Files\Overlay">
      <UniqueIdentifier>{1c72900a-daa1-487b-92d9-23d2c9ebf9b5}</UniqueIdentifier>
    </Filter>
  </ItemGroup>
  <ItemGroup>
    <ClInclude Include="archive_reader.h">
      <Filter>Header Files</Filter>
    </ClInclude>
    <ClInclude Include="utils.h">
      <Filter>Header Files</Filter>
    </ClInclude>
    <ClInclude Include="MurmurHash3.h">
      <Filter>Source Files\utils</Filter>
    </ClInclude>
    <ClInclude Include="hooks.h">
      <Filter>Header Files</Filter>
    </ClInclude>
    <ClInclude Include="winlator_patch.h">
      <Filter>Header Files</Filter>
    </ClInclude>
    <ClInclude Include="MinHook.h">
      <Filter>Header Files</Filter>
    </ClInclude>
    <ClInclude Include="dll_version.h">
      <Filter>Header Files</Filter>
    </ClInclude>
    <ClInclude Include="resource.h">
      <Filter>Header Files</Filter>
    </ClInclude>
    <ClInclude Include="INIReader.h">
      <Filter>Source Files\utils</Filter>
    </ClInclude>
    <ClInclude Include="ini.h">
      <Filter>Source Files\utils</Filter>
    </ClInclude>
    <ClInclude Include="PrefetchUpdater.h">
      <Filter>Source Files</Filter>
    </ClInclude>
    <ClInclude Include="TexturePatcher.h">
      <Filter>Source Files</Filter>
    </ClInclude>
    <ClInclude Include="RendererHook.h">
      <Filter>Source Files</Filter>
    </ClInclude>
    <ClInclude Include="ModManager.h">
      <Filter>Source Files</Filter>
    </ClInclude>
    <ClInclude Include="DevDebug.h">
      <Filter>Header Files</Filter>
    </ClInclude>
    <ClInclude Include="OverlayMenu.h">
      <Filter>Source Files</Filter>
    </ClInclude>
    <ClInclude Include="Logger.h">
      <Filter>Source Files</Filter>
    </ClInclude>
    <ClInclude Include="extern\imgui\imgui.h">
      <Filter>Source Files\imgui</Filter>
    </ClInclude>
    <ClInclude Include="extern\imgui\backends\imgui_impl_dx12.h">
      <Filter>Source Files\imgui</Filter>
    </ClInclude>
    <ClInclude Include="extern\imgui\backends\imgui_impl_win32.h">
      <Filter>Source Files\imgui</Filter>
    </ClInclude>
    <ClInclude Include="extern\imgui\imconfig.h">
      <Filter>Source Files\imgui</Filter>
    </ClInclude>
    <ClInclude Include="extern\imgui\imgui_internal.h">
      <Filter>Source Files\imgui</Filter>
    </ClInclude>
    <ClInclude Include="extern\imgui\imstb_rectpack.h">
      <Filter>Source Files\imgui</Filter>
    </ClInclude>
    <ClInclude Include="extern\imgui\imstb_textedit.h">
      <Filter>Source Files\imgui</Filter>
    </ClInclude>
    <ClInclude Include="extern\imgui\imstb_truetype.h">
      <Filter>Source Files\imgui</Filter>
    </ClInclude>
    <ClInclude Include="LoaderConfig.h">
      <Filter>Source Files</Filter>
    </ClInclude>
    <ClInclude Include="ObjectScanner.h">
      <Filter>Source Files</Filter>
    </ClInclude>
    <ClInclude Include="GameTypes.h">
      <Filter>Source Files</Filter>
    </ClInclude>
    <ClInclude Include="EntityList.hpp">
      <Filter>Source Files</Filter>
    </ClInclude>
    <ClInclude Include="extern\imgui\misc\cpp\imgui_stdlib.h">
      <Filter>Source Files\imgui</Filter>
    </ClInclude>
    <ClInclude Include="extern\imgui\misc\single_file\imgui_single_file.h">
      <Filter>Source Files\imgui</Filter>
    </ClInclude>
    <ClInclude Include="MoverComponent.h">
      <Filter>Header Files</Filter>
    </ClInclude>
    <ClInclude Include="ImGuiOverlayBase.h">
      <Filter>Header Files</Filter>
    </ClInclude>
    <ClInclude Include="DecimaNative.h">
      <Filter>Source Files</Filter>
    </ClInclude>
    <ClInclude Include="SymbolExporter.h">
      <Filter>Header Files</Filter>
    </ClInclude>
    <ClInclude Include="dsdc_header.h">
      <Filter>Header Files</Filter>
    </ClInclude>
    <ClInclude Include="Reflection.h">
      <Filter>Source Files</Filter>
    </ClInclude>
    <ClInclude Include="extern\decima-native\RTTIObject.h">
      <Filter>Source Files\decima-native</Filter>
    </ClInclude>
    <ClInclude Include="extern\decima-native\RTTIRefObject.h">
      <Filter>Source Files\decima-native</Filter>
    </ClInclude>
    <ClInclude Include="extern\decima-native\String.h">
      <Filter>Source Files\decima-native</Filter>
    </ClInclude>
    <ClInclude Include="extern\decima-native\UUID.h">
      <Filter>Source Files\decima-native</Filter>
    </ClInclude>
    <ClInclude Include="extern\decima-native\XUtil.h">
      <Filter>Source Files\decima-native</Filter>
    </ClInclude>
    <ClInclude Include="extern\decima-native\Array.h">
      <Filter>Source Files\decima-native</Filter>
    </ClInclude>
    <ClInclude Include="extern\decima-native\FileDevice.h">
      <Filter>Source Files\decima-native</Filter>
    </ClInclude>
    <ClInclude Include="extern\decima-native\Filename.h">
      <Filter>Source Files\decima-native</Filter>
    </ClInclude>
    <ClInclude Include="extern\decima-native\FileSystem.h">
      <Filter>Source Files\decima-native</Filter>
    </ClInclude>
    <ClInclude Include="extern\decima-native\Offsets.h">
      <Filter>Source Files\decima-native</Filter>
    </ClInclude>
    <ClInclude Include="extern\decima-native\Ref.h">
      <Filter>Source Files\decima-native</Filter>
    </ClInclude>
    <ClInclude Include="extern\decima-native\RTTI.h">
      <Filter>Source Files\decima-native</Filter>
    </ClInclude>
    <ClInclude Include="json.hpp">
      <Filter>Header Files</Filter>
    </ClInclude>
    <ClInclude Include="FileUtils.h">
      <Filter>Source Files</Filter>
    </ClInclude>
    <ClInclude Include="LuaModManagementOverlay.h">
      <Filter>Header Files</Filter>
    </ClInclude>
    <ClInclude Include="LuaModEntry.h">
      <Filter>Source Files\LuaMod</Filter>
    </ClInclude>
    <ClInclude Include="LuaModManager.h">
      <Filter>Source Files\LuaMod</Filter>
    </ClInclude>
    <ClInclude Include="LuaModSandbox.h">
      <Filter>Source Files\LuaMod</Filter>
    </ClInclude>
    <ClInclude Include="GameAPIExporterOverlay.h">
      <Filter>Header Files</Filter>
    </ClInclude>
    <ClInclude Include="E:\SteamLibrary\steamapps\common\DEATH STRANDING DIRECTORS CUT\LuaGameBindings.h">
      <Filter>Source Files\LuaMod</Filter>
    </ClInclude>
    <ClInclude Include="GameAPIGenerated.h">
      <Filter>Source Files</Filter>
    </ClInclude>
  </ItemGroup>
  <ItemGroup>
    <ClCompile Include="dllmain.cpp">
      <Filter>Source Files</Filter>
    </ClCompile>
    <ClCompile Include="archive_reader.cpp">
      <Filter>Source Files</Filter>
    </ClCompile>
    <ClCompile Include="utils.cpp">
      <Filter>Source Files</Filter>
    </ClCompile>
    <ClCompile Include="GameTypes.cpp">
      <Filter>Source Files</Filter>
    </ClCompile>
    <ClCompile Include="MurmurHash3.cpp">
      <Filter>Source Files\utils</Filter>
    </ClCompile>
    <ClCompile Include="hooks.cpp">
      <Filter>Source Files</Filter>
    </ClCompile>
    <ClCompile Include="winlator_patch.cpp">
      <Filter>Source Files</Filter>
    </ClCompile>
    <ClCompile Include="mydx12.h">
      <Filter>Header Files</Filter>
    </ClCompile>
    <ClCompile Include="note.cpp">
      <Filter>Source Files</Filter>
    </ClCompile>
    <ClCompile Include="TexturePatcher.cpp">
      <Filter>Source Files</Filter>
    </ClCompile>
    <ClCompile Include="RendererHook.cpp">
      <Filter>Source Files</Filter>
    </ClCompile>
    <ClCompile Include="INIReader.cpp">
      <Filter>Source Files\utils</Filter>
    </ClCompile>
    <ClCompile Include="ini.c">
      <Filter>Source Files\utils</Filter>
    </ClCompile>
    <ClCompile Include="ModManager.cpp">
      <Filter>Source Files</Filter>
    </ClCompile>
    <ClCompile Include="PrefetchUpdater.cpp">
      <Filter>Source Files</Filter>
    </ClCompile>
    <ClCompile Include="LoaderConfig.cpp">
      <Filter>Source Files</Filter>
    </ClCompile>
    <ClCompile Include="DevDebug.cpp">
      <Filter>Source Files</Filter>
    </ClCompile>
    <ClCompile Include="OverlayMenu.cpp">
      <Filter>Source Files</Filter>
    </ClCompile>
    <ClCompile Include="Logger.cpp">
      <Filter>Source Files</Filter>
    </ClCompile>
    <ClCompile Include="extern\imgui\imgui.cpp">
      <Filter>Source Files\imgui</Filter>
    </ClCompile>
    <ClCompile Include="extern\imgui\backends\imgui_impl_dx12.cpp">
      <Filter>Source Files\imgui</Filter>
    </ClCompile>
    <ClCompile Include="extern\imgui\backends\imgui_impl_win32.cpp">
      <Filter>Source Files\imgui</Filter>
    </ClCompile>
    <ClCompile Include="extern\imgui\imgui_demo.cpp">
      <Filter>Source Files\imgui</Filter>
    </ClCompile>
    <ClCompile Include="extern\imgui\imgui_draw.cpp">
      <Filter>Source Files\imgui</Filter>
    </ClCompile>
    <ClCompile Include="extern\imgui\imgui_tables.cpp">
      <Filter>Source Files\imgui</Filter>
    </ClCompile>
    <ClCompile Include="extern\imgui\imgui_widgets.cpp">
      <Filter>Source Files\imgui</Filter>
    </ClCompile>
    <ClCompile Include="ObjectScanner.cpp">
      <Filter>Source Files</Filter>
    </ClCompile>
    <ClCompile Include="extern\imgui\misc\cpp\imgui_stdlib.cpp">
      <Filter>Source Files\imgui</Filter>
    </ClCompile>
    <ClCompile Include="extern\imgui\misc\fonts\binary_to_compressed_c.cpp">
      <Filter>Source Files\imgui</Filter>
    </ClCompile>
    <ClCompile Include="MoverComponent.cpp">
      <Filter>Source Files</Filter>
    </ClCompile>
    <ClCompile Include="ImGuiOverlayBase.cpp">
      <Filter>Source Files</Filter>
    </ClCompile>
    <ClCompile Include="DecimaNative.cpp">
      <Filter>Source Files</Filter>
    </ClCompile>
    <ClCompile Include="SymbolExporter.cpp">
      <Filter>Source Files</Filter>
    </ClCompile>
    <ClCompile Include="Reflection.cpp">
      <Filter>Source Files</Filter>
    </ClCompile>
    <ClCompile Include="extern\decima-native\XUtil.cpp">
      <Filter>Source Files\decima-native</Filter>
    </ClCompile>
    <ClCompile Include="extern\decima-native\Offsets.cpp">
      <Filter>Source Files\decima-native</Filter>
    </ClCompile>
    <ClCompile Include="extern\decima-native\RTTI.cpp">
      <Filter>Source Files\decima-native</Filter>
    </ClCompile>
    <ClCompile Include="FileUtils.cpp">
      <Filter>Source Files</Filter>
    </ClCompile>
    <ClCompile Include="LuaModEntry.cpp">
      <Filter>Source Files\LuaMod</Filter>
    </ClCompile>
    <ClCompile Include="LuaModManagementOverlay.cpp">
      <Filter>Source Files\LuaMod</Filter>
    </ClCompile>
    <ClCompile Include="LuaModManager.cpp">
      <Filter>Source Files\LuaMod</Filter>
    </ClCompile>
    <ClCompile Include="LuaModSandbox.cpp">
      <Filter>Source Files\LuaMod</Filter>
    </ClCompile>
    <ClCompile Include="GameAPIExporterOverlay.cpp">
      <Filter>Source Files</Filter>
    </ClCompile>
  </ItemGroup>
  <ItemGroup>
    <None Include="packages.config" />
    <None Include="extern\decima-native\LICENSE">
      <Filter>Source Files\decima-native</Filter>
    </None>
  </ItemGroup>
  <ItemGroup>
    <Text Include="device_support.txt">
      <Filter>Resource Files</Filter>
    </Text>
    <Text Include="temp_codes.txt">
      <Filter>Resource Files</Filter>
    </Text>
  </ItemGroup>
  <ItemGroup>
    <ResourceCompile Include="file_header.rc">
      <Filter>Resource Files</Filter>
    </ResourceCompile>
  </ItemGroup>
  <ItemGroup>
    <CopyFileToFolders Include="build_prefetch.cmd">
      <Filter>Resource Files</Filter>
    </CopyFileToFolders>
    <CopyFileToFolders Include="extern\lua\lua54.dll">
      <Filter>Resource Files</Filter>
    </CopyFileToFolders>
  </ItemGroup>
</Project>